
Microsoft Visual Studio Solution File, Format Version 12.00
# Visual Studio Version 16
VisualStudioVersion = 16.0.30907.101
MinimumVisualStudioVersion = 10.0.40219.1
Project("{9A19103F-16F7-4668-BE54-9A1E7A4F7556}") = "SuperPanel.App", "SuperPanel.App\SuperPanel.App.csproj", "{A96C11E0-894C-4DD6-819C-5F112468335E}"
EndProject
Project("{9A19103F-16F7-4668-BE54-9A1E7A4F7556}") = "ExternalContacts.Api", "ExternalContacts.Api\ExternalContacts.Api.csproj", "{FBE49D37-16E1-41A0-9F00-D3B0E87546EF}"
	ProjectSection(ProjectDependencies) = postProject
		{A96C11E0-894C-4DD6-819C-5F112468335E} = {A96C11E0-894C-4DD6-819C-5F112468335E}
	EndProjectSection
EndProject
Project("{2150E333-8FDC-42A3-9474-1A3956D46DE8}") = "SuperPanel.Core", "SuperPanel.Core", "{784CDAED-FF90-49BB-A8D3-21E9280AB1CF}"
EndProject
Project("{9A19103F-16F7-4668-BE54-9A1E7A4F7556}") = "SuperPanel.Abstractions", "SuperPanel.Abstractions\SuperPanel.Abstractions.csproj", "{527B902D-D082-4FF6-B919-9A223CF8BD31}"
EndProject
Project("{9A19103F-16F7-4668-BE54-9A1E7A4F7556}") = "SuperPanel.Engines", "SuperPanel.Engines\SuperPanel.Engines.csproj", "{1AB53C0B-6515-4CE0-855E-0B6996A916ED}"
EndProject
Project("{9A19103F-16F7-4668-BE54-9A1E7A4F7556}") = "SuperPanel.Models", "SuperPanel.Models\SuperPanel.Models.csproj", "{D25CD5DC-F4EF-4D42-8EC7-B0E3466E9754}"
EndProject
Project("{9A19103F-16F7-4668-BE54-9A1E7A4F7556}") = "SuperPanel.Config", "SuperPanel.Config\SuperPanel.Config.csproj", "{24060378-81ED-4F17-A48E-2F179388D2B9}"
EndProject
Project("{9A19103F-16F7-4668-BE54-9A1E7A4F7556}") = "SuperPanel.DataProvider", "SuperPanel.DataProvider\SuperPanel.DataProvider.csproj", "{0F002CF3-FFD5-449C-979B-FFEB75620492}"
EndProject
Project("{FAE04EC0-301F-11D3-BF4B-00C04F79EFBC}") = "SuperPanel.Testing", "SuperPanel.Testing\SuperPanel.Testing.csproj", "{BADB66E6-1C31-4A53-A814-36B3FDF5C6E4}"
EndProject
Global
	GlobalSection(SolutionConfigurationPlatforms) = preSolution
		Debug|Any CPU = Debug|Any CPU
		Release|Any CPU = Release|Any CPU
	EndGlobalSection
	GlobalSection(ProjectConfigurationPlatforms) = postSolution
		{A96C11E0-894C-4DD6-819C-5F112468335E}.Debug|Any CPU.ActiveCfg = Debug|Any CPU
		{A96C11E0-894C-4DD6-819C-5F112468335E}.Debug|Any CPU.Build.0 = Debug|Any CPU
		{A96C11E0-894C-4DD6-819C-5F112468335E}.Release|Any CPU.ActiveCfg = Release|Any CPU
		{A96C11E0-894C-4DD6-819C-5F112468335E}.Release|Any CPU.Build.0 = Release|Any CPU
		{FBE49D37-16E1-41A0-9F00-D3B0E87546EF}.Debug|Any CPU.ActiveCfg = Debug|Any CPU
		{FBE49D37-16E1-41A0-9F00-D3B0E87546EF}.Debug|Any CPU.Build.0 = Debug|Any CPU
		{FBE49D37-16E1-41A0-9F00-D3B0E87546EF}.Release|Any CPU.ActiveCfg = Release|Any CPU
		{FBE49D37-16E1-41A0-9F00-D3B0E87546EF}.Release|Any CPU.Build.0 = Release|Any CPU
		{527B902D-D082-4FF6-B919-9A223CF8BD31}.Debug|Any CPU.ActiveCfg = Debug|Any CPU
		{527B902D-D082-4FF6-B919-9A223CF8BD31}.Debug|Any CPU.Build.0 = Debug|Any CPU
		{527B902D-D082-4FF6-B919-9A223CF8BD31}.Release|Any CPU.ActiveCfg = Release|Any CPU
		{527B902D-D082-4FF6-B919-9A223CF8BD31}.Release|Any CPU.Build.0 = Release|Any CPU
		{1AB53C0B-6515-4CE0-855E-0B6996A916ED}.Debug|Any CPU.ActiveCfg = Debug|Any CPU
		{1AB53C0B-6515-4CE0-855E-0B6996A916ED}.Debug|Any CPU.Build.0 = Debug|Any CPU
		{1AB53C0B-6515-4CE0-855E-0B6996A916ED}.Release|Any CPU.ActiveCfg = Release|Any CPU
		{1AB53C0B-6515-4CE0-855E-0B6996A916ED}.Release|Any CPU.Build.0 = Release|Any CPU
		{D25CD5DC-F4EF-4D42-8EC7-B0E3466E9754}.Debug|Any CPU.ActiveCfg = Debug|Any CPU
		{D25CD5DC-F4EF-4D42-8EC7-B0E3466E9754}.Debug|Any CPU.Build.0 = Debug|Any CPU
		{D25CD5DC-F4EF-4D42-8EC7-B0E3466E9754}.Release|Any CPU.ActiveCfg = Release|Any CPU
		{D25CD5DC-F4EF-4D42-8EC7-B0E3466E9754}.Release|Any CPU.Build.0 = Release|Any CPU
		{24060378-81ED-4F17-A48E-2F179388D2B9}.Debug|Any CPU.ActiveCfg = Debug|Any CPU
		{24060378-81ED-4F17-A48E-2F179388D2B9}.Debug|Any CPU.Build.0 = Debug|Any CPU
		{24060378-81ED-4F17-A48E-2F179388D2B9}.Release|Any CPU.ActiveCfg = Release|Any CPU
		{24060378-81ED-4F17-A48E-2F179388D2B9}.Release|Any CPU.Build.0 = Release|Any CPU
		{0F002CF3-FFD5-449C-979B-FFEB75620492}.Debug|Any CPU.ActiveCfg = Debug|Any CPU
		{0F002CF3-FFD5-449C-979B-FFEB75620492}.Debug|Any CPU.Build.0 = Debug|Any CPU
		{0F002CF3-FFD5-449C-979B-FFEB75620492}.Release|Any CPU.ActiveCfg = Release|Any CPU
		{0F002CF3-FFD5-449C-979B-FFEB75620492}.Release|Any CPU.Build.0 = Release|Any CPU
		{BADB66E6-1C31-4A53-A814-36B3FDF5C6E4}.Debug|Any CPU.ActiveCfg = Debug|Any CPU
		{BADB66E6-1C31-4A53-A814-36B3FDF5C6E4}.Debug|Any CPU.Build.0 = Debug|Any CPU
		{BADB66E6-1C31-4A53-A814-36B3FDF5C6E4}.Release|Any CPU.ActiveCfg = Release|Any CPU
		{BADB66E6-1C31-4A53-A814-36B3FDF5C6E4}.Release|Any CPU.Build.0 = Release|Any CPU
	EndGlobalSection
	GlobalSection(SolutionProperties) = preSolution
		HideSolutionNode = FALSE
	EndGlobalSection
	GlobalSection(NestedProjects) = preSolution
		{527B902D-D082-4FF6-B919-9A223CF8BD31} = {784CDAED-FF90-49BB-A8D3-21E9280AB1CF}
		{1AB53C0B-6515-4CE0-855E-0B6996A916ED} = {784CDAED-FF90-49BB-A8D3-21E9280AB1CF}
		{D25CD5DC-F4EF-4D42-8EC7-B0E3466E9754} = {784CDAED-FF90-49BB-A8D3-21E9280AB1CF}
		{24060378-81ED-4F17-A48E-2F179388D2B9} = {784CDAED-FF90-49BB-A8D3-21E9280AB1CF}
		{0F002CF3-FFD5-449C-979B-FFEB75620492} = {784CDAED-FF90-49BB-A8D3-21E9280AB1CF}
		{BADB66E6-1C31-4A53-A814-36B3FDF5C6E4} = {784CDAED-FF90-49BB-A8D3-21E9280AB1CF}
	EndGlobalSection
	GlobalSection(ExtensibilityGlobals) = postSolution
		SolutionGuid = {71512EF0-3CA5-443D-BC0B-CC752E0B664C}
	EndGlobalSection
EndGlobal
